// !$*UTF8*$!
{
	archiveVersion = 1;
	classes = {
	};
	objectVersion = 46;
	objects = {

/* Begin PBXBuildFile section */
		9176F40B19A96F26003B0A4A /* UIButton+HMUIButtonOnTouch.m in Sources */ = {isa = PBXBuildFile; fileRef = 9176F40A19A96F26003B0A4A /* UIButton+HMUIButtonOnTouch.m */; };
		91798D3819A6DBB4007EDDC2 /* Foundation.framework in Frameworks */ = {isa = PBXBuildFile; fileRef = 91798D3719A6DBB4007EDDC2 /* Foundation.framework */; };
		91798D3A19A6DBB4007EDDC2 /* CoreGraphics.framework in Frameworks */ = {isa = PBXBuildFile; fileRef = 91798D3919A6DBB4007EDDC2 /* CoreGraphics.framework */; };
		91798D3C19A6DBB4007EDDC2 /* UIKit.framework in Frameworks */ = {isa = PBXBuildFile; fileRef = 91798D3B19A6DBB4007EDDC2 /* UIKit.framework */; };
		91798D4219A6DBB4007EDDC2 /* InfoPlist.strings in Resources */ = {isa = PBXBuildFile; fileRef = 91798D4019A6DBB4007EDDC2 /* InfoPlist.strings */; };
		91798D4419A6DBB4007EDDC2 /* main.m in Sources */ = {isa = PBXBuildFile; fileRef = 91798D4319A6DBB4007EDDC2 /* main.m */; };
		91798D4819A6DBB4007EDDC2 /* AppDelegate.m in Sources */ = {isa = PBXBuildFile; fileRef = 91798D4719A6DBB4007EDDC2 /* AppDelegate.m */; };
		91798D4B19A6DBB4007EDDC2 /* Main_iPhone.storyboard in Resources */ = {isa = PBXBuildFile; fileRef = 91798D4919A6DBB4007EDDC2 /* Main_iPhone.storyboard */; };
		91798D4E19A6DBB4007EDDC2 /* Main_iPad.storyboard in Resources */ = {isa = PBXBuildFile; fileRef = 91798D4C19A6DBB4007EDDC2 /* Main_iPad.storyboard */; };
		91798D5119A6DBB4007EDDC2 /* ViewController.m in Sources */ = {isa = PBXBuildFile; fileRef = 91798D5019A6DBB4007EDDC2 /* ViewController.m */; };
		91798D5319A6DBB4007EDDC2 /* Images.xcassets in Resources */ = {isa = PBXBuildFile; fileRef = 91798D5219A6DBB4007EDDC2 /* Images.xcassets */; };
		91798D5A19A6DBB4007EDDC2 /* XCTest.framework in Frameworks */ = {isa = PBXBuildFile; fileRef = 91798D5919A6DBB4007EDDC2 /* XCTest.framework */; };
		91798D5B19A6DBB4007EDDC2 /* Foundation.framework in Frameworks */ = {isa = PBXBuildFile; fileRef = 91798D3719A6DBB4007EDDC2 /* Foundation.framework */; };
		91798D5C19A6DBB4007EDDC2 /* UIKit.framework in Frameworks */ = {isa = PBXBuildFile; fileRef = 91798D3B19A6DBB4007EDDC2 /* UIKit.framework */; };
		91798D6419A6DBB4007EDDC2 /* InfoPlist.strings in Resources */ = {isa = PBXBuildFile; fileRef = 91798D6219A6DBB4007EDDC2 /* InfoPlist.strings */; };
		91798D6619A6DBB4007EDDC2 /* UnitTestExampleTests.m in Sources */ = {isa = PBXBuildFile; fileRef = 91798D6519A6DBB4007EDDC2 /* UnitTestExampleTests.m */; };
		91798D7519A6E002007EDDC2 /* IdTest.m in Sources */ = {isa = PBXBuildFile; fileRef = 91798D7419A6E002007EDDC2 /* IdTest.m */; };
		91798D7819A6EC01007EDDC2 /* IdClassForTesting.m in Sources */ = {isa = PBXBuildFile; fileRef = 91798D7719A6EC01007EDDC2 /* IdClassForTesting.m */; };
/* End PBXBuildFile section */

/* Begin PBXContainerItemProxy section */
		91798D5D19A6DBB4007EDDC2 /* PBXContainerItemProxy */ = {
			isa = PBXContainerItemProxy;
			containerPortal = 91798D2C19A6DBB4007EDDC2 /* Project object */;
			proxyType = 1;
			remoteGlobalIDString = 91798D3319A6DBB4007EDDC2;
			remoteInfo = UnitTestExample;
		};
/* End PBXContainerItemProxy section */

/* Begin PBXFileReference section */
		9176F40919A96F26003B0A4A /* UIButton+HMUIButtonOnTouch.h */ = {isa = PBXFileReference; fileEncoding = 4; lastKnownFileType = sourcecode.c.h; path = "UIButton+HMUIButtonOnTouch.h"; sourceTree = "<group>"; };
		9176F40A19A96F26003B0A4A /* UIButton+HMUIButtonOnTouch.m */ = {isa = PBXFileReference; fileEncoding = 4; lastKnownFileType = sourcecode.c.objc; path = "UIButton+HMUIButtonOnTouch.m"; sourceTree = "<group>"; };
		91798D3419A6DBB4007EDDC2 /* UnitTestExample.app */ = {isa = PBXFileReference; explicitFileType = wrapper.application; includeInIndex = 0; path = UnitTestExample.app; sourceTree = BUILT_PRODUCTS_DIR; };
		91798D3719A6DBB4007EDDC2 /* Foundation.framework */ = {isa = PBXFileReference; lastKnownFileType = wrapper.framework; name = Foundation.framework; path = System/Library/Frameworks/Foundation.framework; sourceTree = SDKROOT; };
		91798D3919A6DBB4007EDDC2 /* CoreGraphics.framework */ = {isa = PBXFileReference; lastKnownFileType = wrapper.framework; name = CoreGraphics.framework; path = System/Library/Frameworks/CoreGraphics.framework; sourceTree = SDKROOT; };
		91798D3B19A6DBB4007EDDC2 /* UIKit.framework */ = {isa = PBXFileReference; lastKnownFileType = wrapper.framework; name = UIKit.framework; path = System/Library/Frameworks/UIKit.framework; sourceTree = SDKROOT; };
		91798D3F19A6DBB4007EDDC2 /* UnitTestExample-Info.plist */ = {isa = PBXFileReference; lastKnownFileType = text.plist.xml; path = "UnitTestExample-Info.plist"; sourceTree = "<group>"; };
		91798D4119A6DBB4007EDDC2 /* en */ = {isa = PBXFileReference; lastKnownFileType = text.plist.strings; name = en; path = en.lproj/InfoPlist.strings; sourceTree = "<group>"; };
		91798D4319A6DBB4007EDDC2 /* main.m */ = {isa = PBXFileReference; lastKnownFileType = sourcecode.c.objc; path = main.m; sourceTree = "<group>"; };
		91798D4519A6DBB4007EDDC2 /* UnitTestExample-Prefix.pch */ = {isa = PBXFileReference; lastKnownFileType = sourcecode.c.h; path = "UnitTestExample-Prefix.pch"; sourceTree = "<group>"; };
		91798D4619A6DBB4007EDDC2 /* AppDelegate.h */ = {isa = PBXFileReference; lastKnownFileType = sourcecode.c.h; path = AppDelegate.h; sourceTree = "<group>"; };
		91798D4719A6DBB4007EDDC2 /* AppDelegate.m */ = {isa = PBXFileReference; lastKnownFileType = sourcecode.c.objc; path = AppDelegate.m; sourceTree = "<group>"; };
		91798D4A19A6DBB4007EDDC2 /* Base */ = {isa = PBXFileReference; lastKnownFileType = file.storyboard; name = Base; path = Base.lproj/Main_iPhone.storyboard; sourceTree = "<group>"; };
		91798D4D19A6DBB4007EDDC2 /* Base */ = {isa = PBXFileReference; lastKnownFileType = file.storyboard; name = Base; path = Base.lproj/Main_iPad.storyboard; sourceTree = "<group>"; };
		91798D4F19A6DBB4007EDDC2 /* ViewController.h */ = {isa = PBXFileReference; lastKnownFileType = sourcecode.c.h; path = ViewController.h; sourceTree = "<group>"; };
		91798D5019A6DBB4007EDDC2 /* ViewController.m */ = {isa = PBXFileReference; lastKnownFileType = sourcecode.c.objc; path = ViewController.m; sourceTree = "<group>"; };
		91798D5219A6DBB4007EDDC2 /* Images.xcassets */ = {isa = PBXFileReference; lastKnownFileType = folder.assetcatalog; path = Images.xcassets; sourceTree = "<group>"; };
		91798D5819A6DBB4007EDDC2 /* UnitTestExampleTests.xctest */ = {isa = PBXFileReference; explicitFileType = wrapper.cfbundle; includeInIndex = 0; path = UnitTestExampleTests.xctest; sourceTree = BUILT_PRODUCTS_DIR; };
		91798D5919A6DBB4007EDDC2 /* XCTest.framework */ = {isa = PBXFileReference; lastKnownFileType = wrapper.framework; name = XCTest.framework; path = Library/Frameworks/XCTest.framework; sourceTree = DEVELOPER_DIR; };
		91798D6119A6DBB4007EDDC2 /* UnitTestExampleTests-Info.plist */ = {isa = PBXFileReference; lastKnownFileType = text.plist.xml; path = "UnitTestExampleTests-Info.plist"; sourceTree = "<group>"; };
		91798D6319A6DBB4007EDDC2 /* en */ = {isa = PBXFileReference; lastKnownFileType = text.plist.strings; name = en; path = en.lproj/InfoPlist.strings; sourceTree = "<group>"; };
		91798D6519A6DBB4007EDDC2 /* UnitTestExampleTests.m */ = {isa = PBXFileReference; lastKnownFileType = sourcecode.c.objc; path = UnitTestExampleTests.m; sourceTree = "<group>"; };
		91798D7419A6E002007EDDC2 /* IdTest.m */ = {isa = PBXFileReference; fileEncoding = 4; lastKnownFileType = sourcecode.c.objc; path = IdTest.m; sourceTree = "<group>"; };
		91798D7619A6EC01007EDDC2 /* IdClassForTesting.h */ = {isa = PBXFileReference; fileEncoding = 4; lastKnownFileType = sourcecode.c.h; path = IdClassForTesting.h; sourceTree = "<group>"; };
		91798D7719A6EC01007EDDC2 /* IdClassForTesting.m */ = {isa = PBXFileReference; fileEncoding = 4; lastKnownFileType = sourcecode.c.objc; path = IdClassForTesting.m; sourceTree = "<group>"; };
/* End PBXFileReference section */

/* Begin PBXFrameworksBuildPhase section */
		91798D3119A6DBB4007EDDC2 /* Frameworks */ = {
			isa = PBXFrameworksBuildPhase;
			buildActionMask = 2147483647;
			files = (
				91798D3A19A6DBB4007EDDC2 /* CoreGraphics.framework in Frameworks */,
				91798D3C19A6DBB4007EDDC2 /* UIKit.framework in Frameworks */,
				91798D3819A6DBB4007EDDC2 /* Foundation.framework in Frameworks */,
			);
			runOnlyForDeploymentPostprocessing = 0;
		};
		91798D5519A6DBB4007EDDC2 /* Frameworks */ = {
			isa = PBXFrameworksBuildPhase;
			buildActionMask = 2147483647;
			files = (
				91798D5A19A6DBB4007EDDC2 /* XCTest.framework in Frameworks */,
				91798D5C19A6DBB4007EDDC2 /* UIKit.framework in Frameworks */,
				91798D5B19A6DBB4007EDDC2 /* Foundation.framework in Frameworks */,
			);
			runOnlyForDeploymentPostprocessing = 0;
		};
/* End PBXFrameworksBuildPhase section */

/* Begin PBXGroup section */
		91798D2B19A6DBB4007EDDC2 = {
			isa = PBXGroup;
			children = (
				91798D3D19A6DBB4007EDDC2 /* UnitTestExample */,
				91798D5F19A6DBB4007EDDC2 /* UnitTestExampleTests */,
				91798D3619A6DBB4007EDDC2 /* Frameworks */,
				91798D3519A6DBB4007EDDC2 /* Products */,
			);
			sourceTree = "<group>";
		};
		91798D3519A6DBB4007EDDC2 /* Products */ = {
			isa = PBXGroup;
			children = (
				91798D3419A6DBB4007EDDC2 /* UnitTestExample.app */,
				91798D5819A6DBB4007EDDC2 /* UnitTestExampleTests.xctest */,
			);
			name = Products;
			sourceTree = "<group>";
		};
		91798D3619A6DBB4007EDDC2 /* Frameworks */ = {
			isa = PBXGroup;
			children = (
				91798D3719A6DBB4007EDDC2 /* Foundation.framework */,
				91798D3919A6DBB4007EDDC2 /* CoreGraphics.framework */,
				91798D3B19A6DBB4007EDDC2 /* UIKit.framework */,
				91798D5919A6DBB4007EDDC2 /* XCTest.framework */,
			);
			name = Frameworks;
			sourceTree = "<group>";
		};
		91798D3D19A6DBB4007EDDC2 /* UnitTestExample */ = {
			isa = PBXGroup;
			children = (
				9176F40919A96F26003B0A4A /* UIButton+HMUIButtonOnTouch.h */,
				9176F40A19A96F26003B0A4A /* UIButton+HMUIButtonOnTouch.m */,
				91798D4619A6DBB4007EDDC2 /* AppDelegate.h */,
				91798D4719A6DBB4007EDDC2 /* AppDelegate.m */,
				91798D4919A6DBB4007EDDC2 /* Main_iPhone.storyboard */,
				91798D4C19A6DBB4007EDDC2 /* Main_iPad.storyboard */,
				91798D4F19A6DBB4007EDDC2 /* ViewController.h */,
				91798D5019A6DBB4007EDDC2 /* ViewController.m */,
				91798D5219A6DBB4007EDDC2 /* Images.xcassets */,
				91798D3E19A6DBB4007EDDC2 /* Supporting Files */,
				91798D7619A6EC01007EDDC2 /* IdClassForTesting.h */,
				91798D7719A6EC01007EDDC2 /* IdClassForTesting.m */,
			);
			path = UnitTestExample;
			sourceTree = "<group>";
		};
		91798D3E19A6DBB4007EDDC2 /* Supporting Files */ = {
			isa = PBXGroup;
			children = (
				91798D3F19A6DBB4007EDDC2 /* UnitTestExample-Info.plist */,
				91798D4019A6DBB4007EDDC2 /* InfoPlist.strings */,
				91798D4319A6DBB4007EDDC2 /* main.m */,
				91798D4519A6DBB4007EDDC2 /* UnitTestExample-Prefix.pch */,
			);
			name = "Supporting Files";
			sourceTree = "<group>";
		};
		91798D5F19A6DBB4007EDDC2 /* UnitTestExampleTests */ = {
			isa = PBXGroup;
			children = (
				91798D7419A6E002007EDDC2 /* IdTest.m */,
				91798D6519A6DBB4007EDDC2 /* UnitTestExampleTests.m */,
				91798D6019A6DBB4007EDDC2 /* Supporting Files */,
			);
			path = UnitTestExampleTests;
			sourceTree = "<group>";
		};
		91798D6019A6DBB4007EDDC2 /* Supporting Files */ = {
			isa = PBXGroup;
			children = (
				91798D6119A6DBB4007EDDC2 /* UnitTestExampleTests-Info.plist */,
				91798D6219A6DBB4007EDDC2 /* InfoPlist.strings */,
			);
			name = "Supporting Files";
			sourceTree = "<group>";
		};
/* End PBXGroup section */

/* Begin PBXNativeTarget section */
		91798D3319A6DBB4007EDDC2 /* UnitTestExample */ = {
			isa = PBXNativeTarget;
			buildConfigurationList = 91798D6919A6DBB4007EDDC2 /* Build configuration list for PBXNativeTarget "UnitTestExample" */;
			buildPhases = (
				91798D3019A6DBB4007EDDC2 /* Sources */,
				91798D3119A6DBB4007EDDC2 /* Frameworks */,
				91798D3219A6DBB4007EDDC2 /* Resources */,
			);
			buildRules = (
			);
			dependencies = (
			);
			name = UnitTestExample;
			productName = UnitTestExample;
			productReference = 91798D3419A6DBB4007EDDC2 /* UnitTestExample.app */;
			productType = "com.apple.product-type.application";
		};
		91798D5719A6DBB4007EDDC2 /* UnitTestExampleTests */ = {
			isa = PBXNativeTarget;
			buildConfigurationList = 91798D6C19A6DBB4007EDDC2 /* Build configuration list for PBXNativeTarget "UnitTestExampleTests" */;
			buildPhases = (
				91798D5419A6DBB4007EDDC2 /* Sources */,
				91798D5519A6DBB4007EDDC2 /* Frameworks */,
				91798D5619A6DBB4007EDDC2 /* Resources */,
			);
			buildRules = (
			);
			dependencies = (
				91798D5E19A6DBB4007EDDC2 /* PBXTargetDependency */,
			);
			name = UnitTestExampleTests;
			productName = UnitTestExampleTests;
			productReference = 91798D5819A6DBB4007EDDC2 /* UnitTestExampleTests.xctest */;
			productType = "com.apple.product-type.bundle.unit-test";
		};
/* End PBXNativeTarget section */

/* Begin PBXProject section */
		91798D2C19A6DBB4007EDDC2 /* Project object */ = {
			isa = PBXProject;
			attributes = {
				LastUpgradeCheck = 0510;
				ORGANIZATIONNAME = HelloMihai;
				TargetAttributes = {
					91798D5719A6DBB4007EDDC2 = {
						TestTargetID = 91798D3319A6DBB4007EDDC2;
					};
				};
			};
			buildConfigurationList = 91798D2F19A6DBB4007EDDC2 /* Build configuration list for PBXProject "UnitTestExample" */;
			compatibilityVersion = "Xcode 3.2";
			developmentRegion = English;
			hasScannedForEncodings = 0;
			knownRegions = (
				en,
				Base,
			);
			mainGroup = 91798D2B19A6DBB4007EDDC2;
			productRefGroup = 91798D3519A6DBB4007EDDC2 /* Products */;
			projectDirPath = "";
			projectRoot = "";
			targets = (
				91798D3319A6DBB4007EDDC2 /* UnitTestExample */,
				91798D5719A6DBB4007EDDC2 /* UnitTestExampleTests */,
			);
		};
/* End PBXProject section */

/* Begin PBXResourcesBuildPhase section */
		91798D3219A6DBB4007EDDC2 /* Resources */ = {
			isa = PBXResourcesBuildPhase;
			buildActionMask = 2147483647;
			files = (
				91798D4E19A6DBB4007EDDC2 /* Main_iPad.storyboard in Resources */,
				91798D5319A6DBB4007EDDC2 /* Images.xcassets in Resources */,
				91798D4B19A6DBB4007EDDC2 /* Main_iPhone.storyboard in Resources */,
				91798D4219A6DBB4007EDDC2 /* InfoPlist.strings in Resources */,
			);
			runOnlyForDeploymentPostprocessing = 0;
		};
		91798D5619A6DBB4007EDDC2 /* Resources */ = {
			isa = PBXResourcesBuildPhase;
			buildActionMask = 2147483647;
			files = (
				91798D6419A6DBB4007EDDC2 /* InfoPlist.strings in Resources */,
			);
			runOnlyForDeploymentPostprocessing = 0;
		};
/* End PBXResourcesBuildPhase section */

/* Begin PBXSourcesBuildPhase section */
		91798D3019A6DBB4007EDDC2 /* Sources */ = {
			isa = PBXSourcesBuildPhase;
			buildActionMask = 2147483647;
			files = (
				91798D5119A6DBB4007EDDC2 /* ViewController.m in Sources */,
				91798D4819A6DBB4007EDDC2 /* AppDelegate.m in Sources */,
				91798D7819A6EC01007EDDC2 /* IdClassForTesting.m in Sources */,
				91798D4419A6DBB4007EDDC2 /* main.m in Sources */,
				9176F40B19A96F26003B0A4A /* UIButton+HMUIButtonOnTouch.m in Sources */,
			);
			runOnlyForDeploymentPostprocessing = 0;
		};
		91798D5419A6DBB4007EDDC2 /* Sources */ = {
			isa = PBXSourcesBuildPhase;
			buildActionMask = 2147483647;
			files = (
				91798D7519A6E002007EDDC2 /* IdTest.m in Sources */,
				91798D6619A6DBB4007EDDC2 /* UnitTestExampleTests.m in Sources */,
			);
			runOnlyForDeploymentPostprocessing = 0;
		};
/* End PBXSourcesBuildPhase section */

/* Begin PBXTargetDependency section */
		91798D5E19A6DBB4007EDDC2 /* PBXTargetDependency */ = {
			isa = PBXTargetDependency;
			target = 91798D3319A6DBB4007EDDC2 /* UnitTestExample */;
			targetProxy = 91798D5D19A6DBB4007EDDC2 /* PBXContainerItemProxy */;
		};
/* End PBXTargetDependency section */

/* Begin PBXVariantGroup section */
		91798D4019A6DBB4007EDDC2 /* InfoPlist.strings */ = {
			isa = PBXVariantGroup;
			children = (
				91798D4119A6DBB4007EDDC2 /* en */,
			);
			name = InfoPlist.strings;
			sourceTree = "<group>";
		};
		91798D4919A6DBB4007EDDC2 /* Main_iPhone.storyboard */ = {
			isa = PBXVariantGroup;
			children = (
				91798D4A19A6DBB4007EDDC2 /* Base */,
			);
			name = Main_iPhone.storyboard;
			sourceTree = "<group>";
		};
		91798D4C19A6DBB4007EDDC2 /* Main_iPad.storyboard */ = {
			isa = PBXVariantGroup;
			children = (
				91798D4D19A6DBB4007EDDC2 /* Base */,
			);
			name = Main_iPad.storyboard;
			sourceTree = "<group>";
		};
		91798D6219A6DBB4007EDDC2 /* InfoPlist.strings */ = {
			isa = PBXVariantGroup;
			children = (
				91798D6319A6DBB4007EDDC2 /* en */,
			);
			name = InfoPlist.strings;
			sourceTree = "<group>";
		};
/* End PBXVariantGroup section */

/* Begin XCBuildConfiguration section */
		91798D6719A6DBB4007EDDC2 /* Debug */ = {
			isa = XCBuildConfiguration;
			buildSettings = {
				ALWAYS_SEARCH_USER_PATHS = NO;
				CLANG_CXX_LANGUAGE_STANDARD = "gnu++0x";
				CLANG_CXX_LIBRARY = "libc++";
				CLANG_ENABLE_MODULES = YES;
				CLANG_ENABLE_OBJC_ARC = YES;
				CLANG_WARN_BOOL_CONVERSION = YES;
				CLANG_WARN_CONSTANT_CONVERSION = YES;
				CLANG_WARN_DIRECT_OBJC_ISA_USAGE = YES_ERROR;
				CLANG_WARN_EMPTY_BODY = YES;
				CLANG_WARN_ENUM_CONVERSION = YES;
				CLANG_WARN_INT_CONVERSION = YES;
				CLANG_WARN_OBJC_ROOT_CLASS = YES_ERROR;
				CLANG_WARN__DUPLICATE_METHOD_MATCH = YES;
				"CODE_SIGN_IDENTITY[sdk=iphoneos*]" = "iPhone Developer";
				COPY_PHASE_STRIP = NO;
				GCC_C_LANGUAGE_STANDARD = gnu99;
				GCC_DYNAMIC_NO_PIC = NO;
				GCC_OPTIMIZATION_LEVEL = 0;
				GCC_PREPROCESSOR_DEFINITIONS = (
					"DEBUG=1",
					"$(inherited)",
				);
				GCC_SYMBOLS_PRIVATE_EXTERN = NO;
				GCC_WARN_64_TO_32_BIT_CONVERSION = YES;
				GCC_WARN_ABOUT_RETURN_TYPE = YES_ERROR;
				GCC_WARN_UNDECLARED_SELECTOR = YES;
				GCC_WARN_UNINITIALIZED_AUTOS = YES_AGGRESSIVE;
				GCC_WARN_UNUSED_FUNCTION = YES;
				GCC_WARN_UNUSED_VARIABLE = YES;
				IPHONEOS_DEPLOYMENT_TARGET = 7.1;
				ONLY_ACTIVE_ARCH = YES;
				SDKROOT = iphoneos;
				TARGETED_DEVICE_FAMILY = "1,2";
			};
			name = Debug;
		};
		91798D6819A6DBB4007EDDC2 /* Release */ = {
			isa = XCBuildConfiguration;
			buildSettings = {
				ALWAYS_SEARCH_USER_PATHS = NO;
				CLANG_CXX_LANGUAGE_STANDARD = "gnu++0x";
				CLANG_CXX_LIBRARY = "libc++";
				CLANG_ENABLE_MODULES = YES;
				CLANG_ENABLE_OBJC_ARC = YES;
				CLANG_WARN_BOOL_CONVERSION = YES;
				CLANG_WARN_CONSTANT_CONVERSION = YES;
				CLANG_WARN_DIRECT_OBJC_ISA_USAGE = YES_ERROR;
				CLANG_WARN_EMPTY_BODY = YES;
				CLANG_WARN_ENUM_CONVERSION = YES;
				CLANG_WARN_INT_CONVERSION = YES;
				CLANG_WARN_OBJC_ROOT_CLASS = YES_ERROR;
				CLANG_WARN__DUPLICATE_METHOD_MATCH = YES;
				"CODE_SIGN_IDENTITY[sdk=iphoneos*]" = "iPhone Developer";
				COPY_PHASE_STRIP = YES;
				ENABLE_NS_ASSERTIONS = NO;
				GCC_C_LANGUAGE_STANDARD = gnu99;
				GCC_WARN_64_TO_32_BIT_CONVERSION = YES;
				GCC_WARN_ABOUT_RETURN_TYPE = YES_ERROR;
				GCC_WARN_UNDECLARED_SELECTOR = YES;
				GCC_WARN_UNINITIALIZED_AUTOS = YES_AGGRESSIVE;
				GCC_WARN_UNUSED_FUNCTION = YES;
				GCC_WARN_UNUSED_VARIABLE = YES;
				IPHONEOS_DEPLOYMENT_TARGET = 7.1;
				SDKROOT = iphoneos;
				TARGETED_DEVICE_FAMILY = "1,2";
				VALIDATE_PRODUCT = YES;
			};
			name = Release;
		};
		91798D6A19A6DBB4007EDDC2 /* Debug */ = {
			isa = XCBuildConfiguration;
			buildSettings = {
				ASSETCATALOG_COMPILER_APPICON_NAME = AppIcon;
				ASSETCATALOG_COMPILER_LAUNCHIMAGE_NAME = LaunchImage;
				GCC_PRECOMPILE_PREFIX_HEADER = YES;
				GCC_PREFIX_HEADER = "UnitTestExample/UnitTestExample-Prefix.pch";
				INFOPLIST_FILE = "UnitTestExample/UnitTestExample-Info.plist";
				PRODUCT_NAME = "$(TARGET_NAME)";
				WRAPPER_EXTENSION = app;
			};
			name = Debug;
		};
		91798D6B19A6DBB4007EDDC2 /* Release */ = {
			isa = XCBuildConfiguration;
			buildSettings = {
				ASSETCATALOG_COMPILER_APPICON_NAME = AppIcon;
				ASSETCATALOG_COMPILER_LAUNCHIMAGE_NAME = LaunchImage;
				GCC_PRECOMPILE_PREFIX_HEADER = YES;
				GCC_PREFIX_HEADER = "UnitTestExample/UnitTestExample-Prefix.pch";
				INFOPLIST_FILE = "UnitTestExample/UnitTestExample-Info.plist";
				PRODUCT_NAME = "$(TARGET_NAME)";
				WRAPPER_EXTENSION = app;
			};
			name = Release;
		};
		91798D6D19A6DBB4007EDDC2 /* Debug */ = {
			isa = XCBuildConfiguration;
			buildSettings = {
				BUNDLE_LOADER = "$(BUILT_PRODUCTS_DIR)/UnitTestExample.app/UnitTestExample";
				FRAMEWORK_SEARCH_PATHS = (
					"$(SDKROOT)/Developer/Library/Frameworks",
					"$(inherited)",
					"$(DEVELOPER_FRAMEWORKS_DIR)",
				);
				GCC_PRECOMPILE_PREFIX_HEADER = YES;
				GCC_PREFIX_HEADER = "UnitTestExample/UnitTestExample-Prefix.pch";
				GCC_PREPROCESSOR_DEFINITIONS = (
					"DEBUG=1",
					"$(inherited)",
				);
				INFOPLIST_FILE = "UnitTestExampleTests/UnitTestExampleTests-Info.plist";
				PRODUCT_NAME = "$(TARGET_NAME)";
				TEST_HOST = "$(BUNDLE_LOADER)";
				WRAPPER_EXTENSION = xctest;
			};
			name = Debug;
		};
		91798D6E19A6DBB4007EDDC2 /* Release */ = {
			isa = XCBuildConfiguration;
			buildSettings = {
				BUNDLE_LOADER = "$(BUILT_PRODUCTS_DIR)/UnitTestExample.app/UnitTestExample";
				FRAMEWORK_SEARCH_PATHS = (
					"$(SDKROOT)/Developer/Library/Frameworks",
					"$(inherited)",
					"$(DEVELOPER_FRAMEWORKS_DIR)",
				);
				GCC_PRECOMPILE_PREFIX_HEADER = YES;
				GCC_PREFIX_HEADER = "UnitTestExample/UnitTestExample-Prefix.pch";
				INFOPLIST_FILE = "UnitTestExampleTests/UnitTestExampleTests-Info.plist";
				PRODUCT_NAME = "$(TARGET_NAME)";
				TEST_HOST = "$(BUNDLE_LOADER)";
				WRAPPER_EXTENSION = xctest;
			};
			name = Release;
		};
/* End XCBuildConfiguration section */

/* Begin XCConfigurationList section */
		91798D2F19A6DBB4007EDDC2 /* Build configuration list for PBXProject "UnitTestExample" */ = {
			isa = XCConfigurationList;
			buildConfigurations = (
				91798D6719A6DBB4007EDDC2 /* Debug */,
				91798D6819A6DBB4007EDDC2 /* Release */,
			);
			defaultConfigurationIsVisible = 0;
			defaultConfigurationName = Release;
		};
		91798D6919A6DBB4007EDDC2 /* Build configuration list for PBXNativeTarget "UnitTestExample" */ = {
			isa = XCConfigurationList;
			buildConfigurations = (
				91798D6A19A6DBB4007EDDC2 /* Debug */,
				91798D6B19A6DBB4007EDDC2 /* Release */,
			);
			defaultConfigurationIsVisible = 0;
			defaultConfigurationName = Release;
		};
		91798D6C19A6DBB4007EDDC2 /* Build configuration list for PBXNativeTarget "UnitTestExampleTests" */ = {
			isa = XCConfigurationList;
			buildConfigurations = (
				91798D6D19A6DBB4007EDDC2 /* Debug */,
				91798D6E19A6DBB4007EDDC2 /* Release */,
			);
			defaultConfigurationIsVisible = 0;
			defaultConfigurationName = Release;
		};
/* End XCConfigurationList section */
	};
	rootObject = 91798D2C19A6DBB4007EDDC2 /* Project object */;
}
